# This file is autogenerated, do not edit; changes may be undone by the next 'dep ensure'.


[[projects]]
  branch = "master"
  digest = "1:979562b67b4d406875c2bdfd2879a6fe34bea632044ff86df2896c918b9d5135"
  name = "github.com/RobinUS2/golang-moving-average"
  packages = ["."]
  pruneopts = "UT"
  revision = "a016505bdd52cdc7f048bd0007af882f6b397faf"

[[projects]]
  branch = "master"
  digest = "1:a89cb8146ddad083ea0a446d5a3d82f244c4afa883851e06ac5d5af81968332b"
  name = "github.com/influxdata/influxdb1-client"
  packages = [
    ".",
    "models",
    "pkg/escape",
  ]
  pruneopts = "UT"
  revision = "16c852ea613fa2d42fcdccc9a8b0802a8bdc6140"

[[projects]]
  digest = "1:4d2e5a73dc1500038e504a8d78b986630e3626dc027bc030ba5c75da257cdb96"
  name = "gopkg.in/yaml.v2"
  packages = ["."]
  pruneopts = "UT"
  revision = "51d6538a90f86fe93ac480b35f37b2be17fef232"
  version = "v2.2.2"

[[projects]]
  digest = "1:3c601acbceaab728eabb766984ac955c26c5d8232b262571971b12dbbbd66e65"
  name = "periph.io/x/periph"
  packages = [
    ".",
    "conn",
    "conn/gpio",
    "conn/gpio/gpioreg",
    "conn/gpio/gpiostream",
    "conn/i2c",
    "conn/i2c/i2creg",
    "conn/physic",
    "conn/pin",
    "conn/pin/pinreg",
    "conn/spi",
    "conn/spi/spireg",
    "host",
    "host/allwinner",
    "host/am335x",
    "host/bcm283x",
    "host/beagle/black",
    "host/beagle/bone",
    "host/beagle/green",
    "host/chip",
    "host/cpu",
    "host/distro",
    "host/fs",
    "host/odroidc1",
    "host/pine64",
    "host/pmem",
    "host/rpi",
    "host/sysfs",
    "host/videocore",
  ]
  pruneopts = "UT"
  revision = "df7c7a4f8f86972b1474695daf94a84c9165faed"
  version = "v3.5.0"

[solve-meta]
  analyzer-name = "dep"
  analyzer-version = 1
  input-imports = [
    "github.com/RobinUS2/golang-moving-average",
    "github.com/influxdata/influxdb1-client",
    "gopkg.in/yaml.v2",
    "periph.io/x/periph/conn/physic",
    "periph.io/x/periph/conn/spi",
    "periph.io/x/periph/conn/spi/spireg",
    "periph.io/x/periph/host",
  ]
  solver-name = "gps-cdcl"
  solver-version = 1
